
Microsoft Visual Studio Solution File, Format Version 12.00
# Visual Studio Version 17
VisualStudioVersion = 17.9.34616.47
MinimumVisualStudioVersion = 10.0.40219.1
Project("{9A19103F-16F7-4668-BE54-9A1E7A4F7556}") = "Playwright_SpecFlow_MSTest_UI", "Playwright_SpecFlow_POM\Playwright_SpecFlow_MSTest_UI.csproj", "{E28D99A6-671F-48D8-AA6F-514629F9F904}"
EndProject
Project("{FAE04EC0-301F-11D3-BF4B-00C04F79EFBC}") = "Playwright_Specflow_MSTest_API", "Playwright_Specflow_MSTest_API\Playwright_Specflow_MSTest_API.csproj", "{9E9CEE20-1CAC-4F69-BE2C-697878D052C4}"
EndProject
Project("{FAE04EC0-301F-11D3-BF4B-00C04F79EFBC}") = "Playwright_Specflow_MSTest_Utility", "Playwright_Specflow_MSTest_Utility\Playwright_Specflow_MSTest_Utility.csproj", "{95CA8B4B-B386-441D-BD4A-D784195D90D6}"
EndProject
Global
	GlobalSection(SolutionConfigurationPlatforms) = preSolution
		Debug|Any CPU = Debug|Any CPU
		Release|Any CPU = Release|Any CPU
	EndGlobalSection
	GlobalSection(ProjectConfigurationPlatforms) = postSolution
		{E28D99A6-671F-48D8-AA6F-514629F9F904}.Debug|Any CPU.ActiveCfg = Debug|Any CPU
		{E28D99A6-671F-48D8-AA6F-514629F9F904}.Debug|Any CPU.Build.0 = Debug|Any CPU
		{E28D99A6-671F-48D8-AA6F-514629F9F904}.Release|Any CPU.ActiveCfg = Release|Any CPU
		{E28D99A6-671F-48D8-AA6F-514629F9F904}.Release|Any CPU.Build.0 = Release|Any CPU
		{9E9CEE20-1CAC-4F69-BE2C-697878D052C4}.Debug|Any CPU.ActiveCfg = Debug|Any CPU
		{9E9CEE20-1CAC-4F69-BE2C-697878D052C4}.Debug|Any CPU.Build.0 = Debug|Any CPU
		{9E9CEE20-1CAC-4F69-BE2C-697878D052C4}.Release|Any CPU.ActiveCfg = Release|Any CPU
		{9E9CEE20-1CAC-4F69-BE2C-697878D052C4}.Release|Any CPU.Build.0 = Release|Any CPU
		{95CA8B4B-B386-441D-BD4A-D784195D90D6}.Debug|Any CPU.ActiveCfg = Debug|Any CPU
		{95CA8B4B-B386-441D-BD4A-D784195D90D6}.Debug|Any CPU.Build.0 = Debug|Any CPU
		{95CA8B4B-B386-441D-BD4A-D784195D90D6}.Release|Any CPU.ActiveCfg = Release|Any CPU
		{95CA8B4B-B386-441D-BD4A-D784195D90D6}.Release|Any CPU.Build.0 = Release|Any CPU
	EndGlobalSection
	GlobalSection(SolutionProperties) = preSolution
		HideSolutionNode = FALSE
	EndGlobalSection
	GlobalSection(ExtensibilityGlobals) = postSolution
		SolutionGuid = {224B2C2F-8B97-45BB-868E-871EE7E8B966}
	EndGlobalSection
EndGlobal
